version = 1
revision = 3
requires-python = ">=3.12"

[[package]]
name = "load-dotenv"
version = "0.1.0"
source = { registry = "https://pypi.org/simple" }
dependencies = [
    { name = "python-dotenv" },
]
sdist = { url = "https://files.pythonhosted.org/packages/d7/95/055d123dde74bd54b99b27a3c2d8c6e218f544e0bd437480f61ccf85a07f/load-dotenv-0.1.0.tar.gz", hash = "sha256:bbe5f40072d4a61eadca66de6c222df5a2d935d6d41b703be1ff75396f635145", size = 6404, upload-time = "2022-09-02T19:55:01.349Z" }
wheels = [
    { url = "https://files.pythonhosted.org/packages/14/2e/268a528dfa1f76999435634b0453fdd917ea878a818a6d5981632f7acffb/load_dotenv-0.1.0-py3-none-any.whl", hash = "sha256:614803f720153fb8a5f97124a72aaa3930a67aa5547cbe8603d01ea7f9ac1adf", size = 7175, upload-time = "2022-09-02T19:54:59.85Z" },
]

[[package]]
name = "python-dotenv"
version = "1.2.1"
source = { registry = "https://pypi.org/simple" }
sdist = { url = "https://files.pythonhosted.org/packages/f0/26/19cadc79a718c5edbec86fd4919a6b6d3f681039a2f6d66d14be94e75fb9/python_dotenv-1.2.1.tar.gz", hash = "sha256:42667e897e16ab0d66954af0e60a9caa94f0fd4ecf3aaf6d2d260eec1aa36ad6", size = 44221, upload-time = "2025-10-26T15:12:10.434Z" }
wheels = [
    { url = "https://files.pythonhosted.org/packages/14/1b/a298b06749107c305e1fe0f814c6c74aea7b2f1e10989cb30f544a1b3253/python_dotenv-1.2.1-py3-none-any.whl", hash = "sha256:b81ee9561e9ca4004139c6cbba3a238c32b03e4894671e181b671e8cb8425d61", size = 21230, upload-time = "2025-10-26T15:12:09.109Z" },
]

[[package]]
name = "slack-ai-agent"
version = "0.1.0"
source = { virtual = "." }
dependencies = [
    { name = "load-dotenv" },
    { name = "slack-bolt" },
]

[package.metadata]
requires-dist = [
    { name = "load-dotenv", specifier = ">=0.1.0" },
    { name = "slack-bolt", specifier = ">=1.27.0" },
]

[[package]]
name = "slack-bolt"
version = "1.27.0"
source = { registry = "https://pypi.org/simple" }
dependencies = [
    { name = "slack-sdk" },
]
sdist = { url = "https://files.pythonhosted.org/packages/4c/28/50ed0b86e48b48e6ddcc71de93b91c8ac14a55d1249e4bff0586494a2f90/slack_bolt-1.27.0.tar.gz", hash = "sha256:3db91d64e277e176a565c574ae82748aa8554f19e41a4fceadca4d65374ce1e0", size = 129101, upload-time = "2025-11-13T20:17:46.878Z" }
wheels = [
    { url = "https://files.pythonhosted.org/packages/01/a8/1acb355759747ba4da5f45c1a33d641994b9e04b914908c9434f18bd97e8/slack_bolt-1.27.0-py2.py3-none-any.whl", hash = "sha256:c43c94bf34740f2adeb9b55566c83f1e73fed6ba2878bd346cdfd6fd8ad22360", size = 230428, upload-time = "2025-11-13T20:17:45.465Z" },
]

[[package]]
name = "slack-sdk"
version = "3.39.0"
source = { registry = "https://pypi.org/simple" }
sdist = { url = "https://files.pythonhosted.org/packages/b6/dd/645f3eb93fce38eadbb649e85684730b1fc3906c2674ca59bddc2ca2bd2e/slack_sdk-3.39.0.tar.gz", hash = "sha256:6a56be10dc155c436ff658c6b776e1c082e29eae6a771fccf8b0a235822bbcb1", size = 247207, upload-time = "2025-11-20T15:27:57.556Z" }
wheels = [
    { url = "https://files.pythonhosted.org/packages/ef/1f/32bcf088e535c1870b1a1f2e3b916129c66fdfe565a793316317241d41e5/slack_sdk-3.39.0-py2.py3-none-any.whl", hash = "sha256:b1556b2f5b8b12b94e5ea3f56c4f2c7f04462e4e1013d325c5764ff118044fa8", size = 309850, upload-time = "2025-11-20T15:27:55.729Z" },
]
